
Microsoft Visual Studio Solution File, Format Version 12.00
# Visual Studio Version 17
VisualStudioVersion = 17.9.34714.143
MinimumVisualStudioVersion = 10.0.40219.1
Project("{9A19103F-16F7-4668-BE54-9A1E7A4F7556}") = "Application", "Application\Application.csproj", "{8E68AE22-E3BC-4646-B80A-381544FF9C93}"
	ProjectSection(ProjectDependencies) = postProject
		{765D5322-CDC6-4054-99E8-776F058E237E} = {765D5322-CDC6-4054-99E8-776F058E237E}
	EndProjectSection
EndProject
Project("{9A19103F-16F7-4668-BE54-9A1E7A4F7556}") = "Domain", "Domain\Domain.csproj", "{765D5322-CDC6-4054-99E8-776F058E237E}"
EndProject
Project("{9A19103F-16F7-4668-BE54-9A1E7A4F7556}") = "Persistence", "Persistence\Persistence.csproj", "{36FF8103-0A22-4A52-843A-BBCFA39D0555}"
	ProjectSection(ProjectDependencies) = postProject
		{765D5322-CDC6-4054-99E8-776F058E237E} = {765D5322-CDC6-4054-99E8-776F058E237E}
		{8E68AE22-E3BC-4646-B80A-381544FF9C93} = {8E68AE22-E3BC-4646-B80A-381544FF9C93}
	EndProjectSection
EndProject
Project("{9A19103F-16F7-4668-BE54-9A1E7A4F7556}") = "Infrastructure", "Infrastucture\Infrastructure.csproj", "{C4D5FAB8-F6D5-4666-BD1D-71D6F9E051BD}"
EndProject
Project("{9A19103F-16F7-4668-BE54-9A1E7A4F7556}") = "Api", "Api\Api.csproj", "{611577A4-2F26-4381-AC91-7420FD2B8424}"
EndProject
Global
	GlobalSection(SolutionConfigurationPlatforms) = preSolution
		Debug|Any CPU = Debug|Any CPU
		Release|Any CPU = Release|Any CPU
	EndGlobalSection
	GlobalSection(ProjectConfigurationPlatforms) = postSolution
		{8E68AE22-E3BC-4646-B80A-381544FF9C93}.Debug|Any CPU.ActiveCfg = Debug|Any CPU
		{8E68AE22-E3BC-4646-B80A-381544FF9C93}.Debug|Any CPU.Build.0 = Debug|Any CPU
		{8E68AE22-E3BC-4646-B80A-381544FF9C93}.Release|Any CPU.ActiveCfg = Release|Any CPU
		{8E68AE22-E3BC-4646-B80A-381544FF9C93}.Release|Any CPU.Build.0 = Release|Any CPU
		{765D5322-CDC6-4054-99E8-776F058E237E}.Debug|Any CPU.ActiveCfg = Debug|Any CPU
		{765D5322-CDC6-4054-99E8-776F058E237E}.Debug|Any CPU.Build.0 = Debug|Any CPU
		{765D5322-CDC6-4054-99E8-776F058E237E}.Release|Any CPU.ActiveCfg = Release|Any CPU
		{765D5322-CDC6-4054-99E8-776F058E237E}.Release|Any CPU.Build.0 = Release|Any CPU
		{36FF8103-0A22-4A52-843A-BBCFA39D0555}.Debug|Any CPU.ActiveCfg = Debug|Any CPU
		{36FF8103-0A22-4A52-843A-BBCFA39D0555}.Debug|Any CPU.Build.0 = Debug|Any CPU
		{36FF8103-0A22-4A52-843A-BBCFA39D0555}.Release|Any CPU.ActiveCfg = Release|Any CPU
		{36FF8103-0A22-4A52-843A-BBCFA39D0555}.Release|Any CPU.Build.0 = Release|Any CPU
		{C4D5FAB8-F6D5-4666-BD1D-71D6F9E051BD}.Debug|Any CPU.ActiveCfg = Debug|Any CPU
		{C4D5FAB8-F6D5-4666-BD1D-71D6F9E051BD}.Debug|Any CPU.Build.0 = Debug|Any CPU
		{C4D5FAB8-F6D5-4666-BD1D-71D6F9E051BD}.Release|Any CPU.ActiveCfg = Release|Any CPU
		{C4D5FAB8-F6D5-4666-BD1D-71D6F9E051BD}.Release|Any CPU.Build.0 = Release|Any CPU
		{611577A4-2F26-4381-AC91-7420FD2B8424}.Debug|Any CPU.ActiveCfg = Debug|Any CPU
		{611577A4-2F26-4381-AC91-7420FD2B8424}.Debug|Any CPU.Build.0 = Debug|Any CPU
		{611577A4-2F26-4381-AC91-7420FD2B8424}.Release|Any CPU.ActiveCfg = Release|Any CPU
		{611577A4-2F26-4381-AC91-7420FD2B8424}.Release|Any CPU.Build.0 = Release|Any CPU
	EndGlobalSection
	GlobalSection(SolutionProperties) = preSolution
		HideSolutionNode = FALSE
	EndGlobalSection
	GlobalSection(ExtensibilityGlobals) = postSolution
		SolutionGuid = {66885423-8F45-473C-A223-AE0533B18AA6}
	EndGlobalSection
EndGlobal
